// !$*UTF8*$!
{
	archiveVersion = 1;
	classes = {
	};
	objectVersion = 50;
	objects = {

/* Begin PBXBuildFile section */
		2AB91DF21BA53BDD5C9C391C /* Pods_TPZooTests.framework in Frameworks */ = {isa = PBXBuildFile; fileRef = A02C7BFE44629838FDE25BB4 /* Pods_TPZooTests.framework */; };
		652C2BCC211AF90800D85E33 /* ImageDownloadManager.swift in Sources */ = {isa = PBXBuildFile; fileRef = 652C2BCB211AF90800D85E33 /* ImageDownloadManager.swift */; };
		654FCA8F210EC79600BA81A3 /* StringExtension.swift in Sources */ = {isa = PBXBuildFile; fileRef = 654FCA8E210EC79600BA81A3 /* StringExtension.swift */; };
		6553FFF3211BCF29002BFAB8 /* WindowExtension.swift in Sources */ = {isa = PBXBuildFile; fileRef = 6553FFF2211BCF29002BFAB8 /* WindowExtension.swift */; };
		6553FFF5211BD158002BFAB8 /* SysConfiguration.swift in Sources */ = {isa = PBXBuildFile; fileRef = 6553FFF4211BD157002BFAB8 /* SysConfiguration.swift */; };
		65B725F72105BEBC0088DDCB /* AppDelegate.swift in Sources */ = {isa = PBXBuildFile; fileRef = 65B725F62105BEBC0088DDCB /* AppDelegate.swift */; };
		65B725FC2105BEBC0088DDCB /* Main.storyboard in Resources */ = {isa = PBXBuildFile; fileRef = 65B725FA2105BEBC0088DDCB /* Main.storyboard */; };
		65B725FF2105BEBC0088DDCB /* TPZoo.xcdatamodeld in Sources */ = {isa = PBXBuildFile; fileRef = 65B725FD2105BEBC0088DDCB /* TPZoo.xcdatamodeld */; };
		65B726012105BEBD0088DDCB /* Assets.xcassets in Resources */ = {isa = PBXBuildFile; fileRef = 65B726002105BEBD0088DDCB /* Assets.xcassets */; };
		65B726042105BEBD0088DDCB /* LaunchScreen.storyboard in Resources */ = {isa = PBXBuildFile; fileRef = 65B726022105BEBD0088DDCB /* LaunchScreen.storyboard */; };
		65B7260F2105BEBD0088DDCB /* TPZooTests.swift in Sources */ = {isa = PBXBuildFile; fileRef = 65B7260E2105BEBD0088DDCB /* TPZooTests.swift */; };
		65B7261A2105BEBD0088DDCB /* TPZooUITests.swift in Sources */ = {isa = PBXBuildFile; fileRef = 65B726192105BEBD0088DDCB /* TPZooUITests.swift */; };
		65B7262B2106DE8F0088DDCB /* MainViewController.swift in Sources */ = {isa = PBXBuildFile; fileRef = 65B7262A2106DE8F0088DDCB /* MainViewController.swift */; };
		65B7262D2106DFFE0088DDCB /* AnimalsJSONData.txt in Resources */ = {isa = PBXBuildFile; fileRef = 65B7262C2106DFFE0088DDCB /* AnimalsJSONData.txt */; };
		65B7262E2106DFFE0088DDCB /* AnimalsJSONData.txt in Resources */ = {isa = PBXBuildFile; fileRef = 65B7262C2106DFFE0088DDCB /* AnimalsJSONData.txt */; };
		65B7262F2106DFFE0088DDCB /* AnimalsJSONData.txt in Resources */ = {isa = PBXBuildFile; fileRef = 65B7262C2106DFFE0088DDCB /* AnimalsJSONData.txt */; };
		65B726362106F9270088DDCB /* Global.swift in Sources */ = {isa = PBXBuildFile; fileRef = 65B726352106F9270088DDCB /* Global.swift */; };
		65B726372106F9270088DDCB /* Global.swift in Sources */ = {isa = PBXBuildFile; fileRef = 65B726352106F9270088DDCB /* Global.swift */; };
		65B726382106F9270088DDCB /* Global.swift in Sources */ = {isa = PBXBuildFile; fileRef = 65B726352106F9270088DDCB /* Global.swift */; };
		65B7263A2106FA170088DDCB /* AnimalsJsonDataModel.swift in Sources */ = {isa = PBXBuildFile; fileRef = 65B726392106FA170088DDCB /* AnimalsJsonDataModel.swift */; };
		65B7263B2106FA170088DDCB /* AnimalsJsonDataModel.swift in Sources */ = {isa = PBXBuildFile; fileRef = 65B726392106FA170088DDCB /* AnimalsJsonDataModel.swift */; };
		65B7263C2106FA170088DDCB /* AnimalsJsonDataModel.swift in Sources */ = {isa = PBXBuildFile; fileRef = 65B726392106FA170088DDCB /* AnimalsJsonDataModel.swift */; };
		65B726422108012E0088DDCB /* DataManager.swift in Sources */ = {isa = PBXBuildFile; fileRef = 65B726412108012E0088DDCB /* DataManager.swift */; };
		A9FBFDF9B4024DD22EB64F07 /* Pods_TPZoo.framework in Frameworks */ = {isa = PBXBuildFile; fileRef = 2996299F7F4E3B7EC80A16F4 /* Pods_TPZoo.framework */; };
		CE62CBE4F4582674C94E662D /* Pods_TPZooUITests.framework in Frameworks */ = {isa = PBXBuildFile; fileRef = 49455C8DB5D4314A0D190C5A /* Pods_TPZooUITests.framework */; };
/* End PBXBuildFile section */

/* Begin PBXContainerItemProxy section */
		65B7260B2105BEBD0088DDCB /* PBXContainerItemProxy */ = {
			isa = PBXContainerItemProxy;
			containerPortal = 65B725EB2105BEBB0088DDCB /* Project object */;
			proxyType = 1;
			remoteGlobalIDString = 65B725F22105BEBC0088DDCB;
			remoteInfo = TPZoo;
		};
		65B726162105BEBD0088DDCB /* PBXContainerItemProxy */ = {
			isa = PBXContainerItemProxy;
			containerPortal = 65B725EB2105BEBB0088DDCB /* Project object */;
			proxyType = 1;
			remoteGlobalIDString = 65B725F22105BEBC0088DDCB;
			remoteInfo = TPZoo;
		};
/* End PBXContainerItemProxy section */

/* Begin PBXFileReference section */
		276EA0ED17F741293E90DEEF /* Pods-TPZooTests.release.xcconfig */ = {isa = PBXFileReference; includeInIndex = 1; lastKnownFileType = text.xcconfig; name = "Pods-TPZooTests.release.xcconfig"; path = "Pods/Target Support Files/Pods-TPZooTests/Pods-TPZooTests.release.xcconfig"; sourceTree = "<group>"; };
		2996299F7F4E3B7EC80A16F4 /* Pods_TPZoo.framework */ = {isa = PBXFileReference; explicitFileType = wrapper.framework; includeInIndex = 0; path = Pods_TPZoo.framework; sourceTree = BUILT_PRODUCTS_DIR; };
		49455C8DB5D4314A0D190C5A /* Pods_TPZooUITests.framework */ = {isa = PBXFileReference; explicitFileType = wrapper.framework; includeInIndex = 0; path = Pods_TPZooUITests.framework; sourceTree = BUILT_PRODUCTS_DIR; };
		49FC06D1D9E16A9E3258623E /* Pods-TPZoo.debug.xcconfig */ = {isa = PBXFileReference; includeInIndex = 1; lastKnownFileType = text.xcconfig; name = "Pods-TPZoo.debug.xcconfig"; path = "Pods/Target Support Files/Pods-TPZoo/Pods-TPZoo.debug.xcconfig"; sourceTree = "<group>"; };
		652C2BCB211AF90800D85E33 /* ImageDownloadManager.swift */ = {isa = PBXFileReference; lastKnownFileType = sourcecode.swift; path = ImageDownloadManager.swift; sourceTree = "<group>"; };
		654FCA8E210EC79600BA81A3 /* StringExtension.swift */ = {isa = PBXFileReference; lastKnownFileType = sourcecode.swift; path = StringExtension.swift; sourceTree = "<group>"; };
		6553FFF2211BCF29002BFAB8 /* WindowExtension.swift */ = {isa = PBXFileReference; lastKnownFileType = sourcecode.swift; path = WindowExtension.swift; sourceTree = "<group>"; };
		6553FFF4211BD157002BFAB8 /* SysConfiguration.swift */ = {isa = PBXFileReference; lastKnownFileType = sourcecode.swift; path = SysConfiguration.swift; sourceTree = "<group>"; };
		65B725F32105BEBC0088DDCB /* TPZoo.app */ = {isa = PBXFileReference; explicitFileType = wrapper.application; includeInIndex = 0; path = TPZoo.app; sourceTree = BUILT_PRODUCTS_DIR; };
		65B725F62105BEBC0088DDCB /* AppDelegate.swift */ = {isa = PBXFileReference; lastKnownFileType = sourcecode.swift; path = AppDelegate.swift; sourceTree = "<group>"; };
		65B725FB2105BEBC0088DDCB /* Base */ = {isa = PBXFileReference; lastKnownFileType = file.storyboard; name = Base; path = Base.lproj/Main.storyboard; sourceTree = "<group>"; };
		65B725FE2105BEBC0088DDCB /* TPZoo.xcdatamodel */ = {isa = PBXFileReference; lastKnownFileType = wrapper.xcdatamodel; path = TPZoo.xcdatamodel; sourceTree = "<group>"; };
		65B726002105BEBD0088DDCB /* Assets.xcassets */ = {isa = PBXFileReference; lastKnownFileType = folder.assetcatalog; path = Assets.xcassets; sourceTree = "<group>"; };
		65B726032105BEBD0088DDCB /* Base */ = {isa = PBXFileReference; lastKnownFileType = file.storyboard; name = Base; path = Base.lproj/LaunchScreen.storyboard; sourceTree = "<group>"; };
		65B726052105BEBD0088DDCB /* Info.plist */ = {isa = PBXFileReference; lastKnownFileType = text.plist.xml; path = Info.plist; sourceTree = "<group>"; };
		65B7260A2105BEBD0088DDCB /* TPZooTests.xctest */ = {isa = PBXFileReference; explicitFileType = wrapper.cfbundle; includeInIndex = 0; path = TPZooTests.xctest; sourceTree = BUILT_PRODUCTS_DIR; };
		65B7260E2105BEBD0088DDCB /* TPZooTests.swift */ = {isa = PBXFileReference; lastKnownFileType = sourcecode.swift; path = TPZooTests.swift; sourceTree = "<group>"; };
		65B726102105BEBD0088DDCB /* Info.plist */ = {isa = PBXFileReference; lastKnownFileType = text.plist.xml; path = Info.plist; sourceTree = "<group>"; };
		65B726152105BEBD0088DDCB /* TPZooUITests.xctest */ = {isa = PBXFileReference; explicitFileType = wrapper.cfbundle; includeInIndex = 0; path = TPZooUITests.xctest; sourceTree = BUILT_PRODUCTS_DIR; };
		65B726192105BEBD0088DDCB /* TPZooUITests.swift */ = {isa = PBXFileReference; lastKnownFileType = sourcecode.swift; path = TPZooUITests.swift; sourceTree = "<group>"; };
		65B7261B2105BEBD0088DDCB /* Info.plist */ = {isa = PBXFileReference; lastKnownFileType = text.plist.xml; path = Info.plist; sourceTree = "<group>"; };
		65B7262A2106DE8F0088DDCB /* MainViewController.swift */ = {isa = PBXFileReference; lastKnownFileType = sourcecode.swift; path = MainViewController.swift; sourceTree = "<group>"; };
		65B7262C2106DFFE0088DDCB /* AnimalsJSONData.txt */ = {isa = PBXFileReference; fileEncoding = 4; lastKnownFileType = text; path = AnimalsJSONData.txt; sourceTree = "<group>"; };
		65B726352106F9270088DDCB /* Global.swift */ = {isa = PBXFileReference; lastKnownFileType = sourcecode.swift; path = Global.swift; sourceTree = "<group>"; };
		65B726392106FA170088DDCB /* AnimalsJsonDataModel.swift */ = {isa = PBXFileReference; lastKnownFileType = sourcecode.swift; path = AnimalsJsonDataModel.swift; sourceTree = "<group>"; };
		65B726412108012E0088DDCB /* DataManager.swift */ = {isa = PBXFileReference; lastKnownFileType = sourcecode.swift; path = DataManager.swift; sourceTree = "<group>"; };
		76FDF06FBDA874A8FB84B5C1 /* Pods-TPZoo.release.xcconfig */ = {isa = PBXFileReference; includeInIndex = 1; lastKnownFileType = text.xcconfig; name = "Pods-TPZoo.release.xcconfig"; path = "Pods/Target Support Files/Pods-TPZoo/Pods-TPZoo.release.xcconfig"; sourceTree = "<group>"; };
		A02C7BFE44629838FDE25BB4 /* Pods_TPZooTests.framework */ = {isa = PBXFileReference; explicitFileType = wrapper.framework; includeInIndex = 0; path = Pods_TPZooTests.framework; sourceTree = BUILT_PRODUCTS_DIR; };
		B8ABFF9C9E49147385EB6020 /* Pods-TPZooTests.debug.xcconfig */ = {isa = PBXFileReference; includeInIndex = 1; lastKnownFileType = text.xcconfig; name = "Pods-TPZooTests.debug.xcconfig"; path = "Pods/Target Support Files/Pods-TPZooTests/Pods-TPZooTests.debug.xcconfig"; sourceTree = "<group>"; };
		CD22843690F7CF10DCC5F78B /* Pods-TPZooUITests.release.xcconfig */ = {isa = PBXFileReference; includeInIndex = 1; lastKnownFileType = text.xcconfig; name = "Pods-TPZooUITests.release.xcconfig"; path = "Pods/Target Support Files/Pods-TPZooUITests/Pods-TPZooUITests.release.xcconfig"; sourceTree = "<group>"; };
		E880777FD646D6E119A3564E /* Pods-TPZooUITests.debug.xcconfig */ = {isa = PBXFileReference; includeInIndex = 1; lastKnownFileType = text.xcconfig; name = "Pods-TPZooUITests.debug.xcconfig"; path = "Pods/Target Support Files/Pods-TPZooUITests/Pods-TPZooUITests.debug.xcconfig"; sourceTree = "<group>"; };
/* End PBXFileReference section */

/* Begin PBXFrameworksBuildPhase section */
		65B725F02105BEBC0088DDCB /* Frameworks */ = {
			isa = PBXFrameworksBuildPhase;
			buildActionMask = 2147483647;
			files = (
				A9FBFDF9B4024DD22EB64F07 /* Pods_TPZoo.framework in Frameworks */,
			);
			runOnlyForDeploymentPostprocessing = 0;
		};
		65B726072105BEBD0088DDCB /* Frameworks */ = {
			isa = PBXFrameworksBuildPhase;
			buildActionMask = 2147483647;
			files = (
				2AB91DF21BA53BDD5C9C391C /* Pods_TPZooTests.framework in Frameworks */,
			);
			runOnlyForDeploymentPostprocessing = 0;
		};
		65B726122105BEBD0088DDCB /* Frameworks */ = {
			isa = PBXFrameworksBuildPhase;
			buildActionMask = 2147483647;
			files = (
				CE62CBE4F4582674C94E662D /* Pods_TPZooUITests.framework in Frameworks */,
			);
			runOnlyForDeploymentPostprocessing = 0;
		};
/* End PBXFrameworksBuildPhase section */

/* Begin PBXGroup section */
		33CEF49AFD7D425756E417AA /* Pods */ = {
			isa = PBXGroup;
			children = (
				49FC06D1D9E16A9E3258623E /* Pods-TPZoo.debug.xcconfig */,
				76FDF06FBDA874A8FB84B5C1 /* Pods-TPZoo.release.xcconfig */,
				B8ABFF9C9E49147385EB6020 /* Pods-TPZooTests.debug.xcconfig */,
				276EA0ED17F741293E90DEEF /* Pods-TPZooTests.release.xcconfig */,
				E880777FD646D6E119A3564E /* Pods-TPZooUITests.debug.xcconfig */,
				CD22843690F7CF10DCC5F78B /* Pods-TPZooUITests.release.xcconfig */,
			);
			name = Pods;
			sourceTree = "<group>";
		};
		65B725EA2105BEBB0088DDCB = {
			isa = PBXGroup;
			children = (
				65B725F52105BEBC0088DDCB /* TPZoo */,
				65B7260D2105BEBD0088DDCB /* TPZooTests */,
				65B726182105BEBD0088DDCB /* TPZooUITests */,
				65B725F42105BEBC0088DDCB /* Products */,
				33CEF49AFD7D425756E417AA /* Pods */,
				BF676906115E680C09FBDE1E /* Frameworks */,
			);
			sourceTree = "<group>";
		};
		65B725F42105BEBC0088DDCB /* Products */ = {
			isa = PBXGroup;
			children = (
				65B725F32105BEBC0088DDCB /* TPZoo.app */,
				65B7260A2105BEBD0088DDCB /* TPZooTests.xctest */,
				65B726152105BEBD0088DDCB /* TPZooUITests.xctest */,
			);
			name = Products;
			sourceTree = "<group>";
		};
		65B725F52105BEBC0088DDCB /* TPZoo */ = {
			isa = PBXGroup;
			children = (
				65B725F62105BEBC0088DDCB /* AppDelegate.swift */,
				65B7262A2106DE8F0088DDCB /* MainViewController.swift */,
				65B726292106DCB30088DDCB /* DataManager */,
				65B726342106F8910088DDCB /* Utils */,
				65B725FA2105BEBC0088DDCB /* Main.storyboard */,
				65B726002105BEBD0088DDCB /* Assets.xcassets */,
				65B726022105BEBD0088DDCB /* LaunchScreen.storyboard */,
				65B726052105BEBD0088DDCB /* Info.plist */,
				65B725FD2105BEBC0088DDCB /* TPZoo.xcdatamodeld */,
			);
			path = TPZoo;
			sourceTree = "<group>";
		};
		65B7260D2105BEBD0088DDCB /* TPZooTests */ = {
			isa = PBXGroup;
			children = (
				65B7260E2105BEBD0088DDCB /* TPZooTests.swift */,
				65B726102105BEBD0088DDCB /* Info.plist */,
			);
			path = TPZooTests;
			sourceTree = "<group>";
		};
		65B726182105BEBD0088DDCB /* TPZooUITests */ = {
			isa = PBXGroup;
			children = (
				65B726192105BEBD0088DDCB /* TPZooUITests.swift */,
				65B7261B2105BEBD0088DDCB /* Info.plist */,
			);
			path = TPZooUITests;
			sourceTree = "<group>";
		};
		65B726292106DCB30088DDCB /* DataManager */ = {
			isa = PBXGroup;
			children = (
				65B726412108012E0088DDCB /* DataManager.swift */,
				652C2BCB211AF90800D85E33 /* ImageDownloadManager.swift */,
				65B726392106FA170088DDCB /* AnimalsJsonDataModel.swift */,
				65B7262C2106DFFE0088DDCB /* AnimalsJSONData.txt */,
			);
			path = DataManager;
			sourceTree = "<group>";
		};
		65B726342106F8910088DDCB /* Utils */ = {
			isa = PBXGroup;
			children = (
				65B726352106F9270088DDCB /* Global.swift */,
				654FCA8E210EC79600BA81A3 /* StringExtension.swift */,
				6553FFF2211BCF29002BFAB8 /* WindowExtension.swift */,
				6553FFF4211BD157002BFAB8 /* SysConfiguration.swift */,
			);
			path = Utils;
			sourceTree = "<group>";
		};
		BF676906115E680C09FBDE1E /* Frameworks */ = {
			isa = PBXGroup;
			children = (
				2996299F7F4E3B7EC80A16F4 /* Pods_TPZoo.framework */,
				A02C7BFE44629838FDE25BB4 /* Pods_TPZooTests.framework */,
				49455C8DB5D4314A0D190C5A /* Pods_TPZooUITests.framework */,
			);
			name = Frameworks;
			sourceTree = "<group>";
		};
/* End PBXGroup section */

/* Begin PBXNativeTarget section */
		65B725F22105BEBC0088DDCB /* TPZoo */ = {
			isa = PBXNativeTarget;
			buildConfigurationList = 65B7261E2105BEBD0088DDCB /* Build configuration list for PBXNativeTarget "TPZoo" */;
			buildPhases = (
				7EBFE6A9A737D0C1D125F830 /* [CP] Check Pods Manifest.lock */,
				65B725EF2105BEBC0088DDCB /* Sources */,
				65B725F02105BEBC0088DDCB /* Frameworks */,
				65B725F12105BEBC0088DDCB /* Resources */,
				BD0EB9BC2F2482E589FF305D /* [CP] Embed Pods Frameworks */,
			);
			buildRules = (
			);
			dependencies = (
			);
			name = TPZoo;
			productName = TPZoo;
			productReference = 65B725F32105BEBC0088DDCB /* TPZoo.app */;
			productType = "com.apple.product-type.application";
		};
		65B726092105BEBD0088DDCB /* TPZooTests */ = {
			isa = PBXNativeTarget;
			buildConfigurationList = 65B726212105BEBD0088DDCB /* Build configuration list for PBXNativeTarget "TPZooTests" */;
			buildPhases = (
				04352AB44E2A6E98612EB2D7 /* [CP] Check Pods Manifest.lock */,
				65B726062105BEBD0088DDCB /* Sources */,
				65B726072105BEBD0088DDCB /* Frameworks */,
				65B726082105BEBD0088DDCB /* Resources */,
				BB9D6FEF78CEBAB838EFE02D /* [CP] Embed Pods Frameworks */,
			);
			buildRules = (
			);
			dependencies = (
				65B7260C2105BEBD0088DDCB /* PBXTargetDependency */,
			);
			name = TPZooTests;
			productName = TPZooTests;
			productReference = 65B7260A2105BEBD0088DDCB /* TPZooTests.xctest */;
			productType = "com.apple.product-type.bundle.unit-test";
		};
		65B726142105BEBD0088DDCB /* TPZooUITests */ = {
			isa = PBXNativeTarget;
			buildConfigurationList = 65B726242105BEBD0088DDCB /* Build configuration list for PBXNativeTarget "TPZooUITests" */;
			buildPhases = (
				3A2AD864128859980141AB2D /* [CP] Check Pods Manifest.lock */,
				65B726112105BEBD0088DDCB /* Sources */,
				65B726122105BEBD0088DDCB /* Frameworks */,
				65B726132105BEBD0088DDCB /* Resources */,
			);
			buildRules = (
			);
			dependencies = (
				65B726172105BEBD0088DDCB /* PBXTargetDependency */,
			);
			name = TPZooUITests;
			productName = TPZooUITests;
			productReference = 65B726152105BEBD0088DDCB /* TPZooUITests.xctest */;
			productType = "com.apple.product-type.bundle.ui-testing";
		};
/* End PBXNativeTarget section */

/* Begin PBXProject section */
		65B725EB2105BEBB0088DDCB /* Project object */ = {
			isa = PBXProject;
			attributes = {
				LastSwiftUpdateCheck = 0940;
				LastUpgradeCheck = 0940;
				ORGANIZATIONNAME = HSI;
				TargetAttributes = {
					65B725F22105BEBC0088DDCB = {
						CreatedOnToolsVersion = 9.4;
					};
					65B726092105BEBD0088DDCB = {
						CreatedOnToolsVersion = 9.4;
						TestTargetID = 65B725F22105BEBC0088DDCB;
					};
					65B726142105BEBD0088DDCB = {
						CreatedOnToolsVersion = 9.4;
						TestTargetID = 65B725F22105BEBC0088DDCB;
					};
				};
			};
			buildConfigurationList = 65B725EE2105BEBB0088DDCB /* Build configuration list for PBXProject "TPZoo" */;
			compatibilityVersion = "Xcode 9.3";
			developmentRegion = en;
			hasScannedForEncodings = 0;
			knownRegions = (
				en,
				Base,
			);
			mainGroup = 65B725EA2105BEBB0088DDCB;
			productRefGroup = 65B725F42105BEBC0088DDCB /* Products */;
			projectDirPath = "";
			projectRoot = "";
			targets = (
				65B725F22105BEBC0088DDCB /* TPZoo */,
				65B726092105BEBD0088DDCB /* TPZooTests */,
				65B726142105BEBD0088DDCB /* TPZooUITests */,
			);
		};
/* End PBXProject section */

/* Begin PBXResourcesBuildPhase section */
		65B725F12105BEBC0088DDCB /* Resources */ = {
			isa = PBXResourcesBuildPhase;
			buildActionMask = 2147483647;
			files = (
				65B726042105BEBD0088DDCB /* LaunchScreen.storyboard in Resources */,
				65B726012105BEBD0088DDCB /* Assets.xcassets in Resources */,
				65B725FC2105BEBC0088DDCB /* Main.storyboard in Resources */,
				65B7262D2106DFFE0088DDCB /* AnimalsJSONData.txt in Resources */,
			);
			runOnlyForDeploymentPostprocessing = 0;
		};
		65B726082105BEBD0088DDCB /* Resources */ = {
			isa = PBXResourcesBuildPhase;
			buildActionMask = 2147483647;
			files = (
				65B7262E2106DFFE0088DDCB /* AnimalsJSONData.txt in Resources */,
			);
			runOnlyForDeploymentPostprocessing = 0;
		};
		65B726132105BEBD0088DDCB /* Resources */ = {
			isa = PBXResourcesBuildPhase;
			buildActionMask = 2147483647;
			files = (
				65B7262F2106DFFE0088DDCB /* AnimalsJSONData.txt in Resources */,
			);
			runOnlyForDeploymentPostprocessing = 0;
		};
/* End PBXResourcesBuildPhase section */

/* Begin PBXShellScriptBuildPhase section */
		04352AB44E2A6E98612EB2D7 /* [CP] Check Pods Manifest.lock */ = {
			isa = PBXShellScriptBuildPhase;
			buildActionMask = 2147483647;
			files = (
			);
			inputPaths = (
				"${PODS_PODFILE_DIR_PATH}/Podfile.lock",
				"${PODS_ROOT}/Manifest.lock",
			);
			name = "[CP] Check Pods Manifest.lock";
			outputPaths = (
				"$(DERIVED_FILE_DIR)/Pods-TPZooTests-checkManifestLockResult.txt",
			);
			runOnlyForDeploymentPostprocessing = 0;
			shellPath = /bin/sh;
			shellScript = "diff \"${PODS_PODFILE_DIR_PATH}/Podfile.lock\" \"${PODS_ROOT}/Manifest.lock\" > /dev/null\nif [ $? != 0 ] ; then\n    # print error to STDERR\n    echo \"error: The sandbox is not in sync with the Podfile.lock. Run 'pod install' or update your CocoaPods installation.\" >&2\n    exit 1\nfi\n# This output is used by Xcode 'outputs' to avoid re-running this script phase.\necho \"SUCCESS\" > \"${SCRIPT_OUTPUT_FILE_0}\"\n";
			showEnvVarsInLog = 0;
		};
		3A2AD864128859980141AB2D /* [CP] Check Pods Manifest.lock */ = {
			isa = PBXShellScriptBuildPhase;
			buildActionMask = 2147483647;
			files = (
			);
			inputPaths = (
				"${PODS_PODFILE_DIR_PATH}/Podfile.lock",
				"${PODS_ROOT}/Manifest.lock",
			);
			name = "[CP] Check Pods Manifest.lock";
			outputPaths = (
				"$(DERIVED_FILE_DIR)/Pods-TPZooUITests-checkManifestLockResult.txt",
			);
			runOnlyForDeploymentPostprocessing = 0;
			shellPath = /bin/sh;
			shellScript = "diff \"${PODS_PODFILE_DIR_PATH}/Podfile.lock\" \"${PODS_ROOT}/Manifest.lock\" > /dev/null\nif [ $? != 0 ] ; then\n    # print error to STDERR\n    echo \"error: The sandbox is not in sync with the Podfile.lock. Run 'pod install' or update your CocoaPods installation.\" >&2\n    exit 1\nfi\n# This output is used by Xcode 'outputs' to avoid re-running this script phase.\necho \"SUCCESS\" > \"${SCRIPT_OUTPUT_FILE_0}\"\n";
			showEnvVarsInLog = 0;
		};
		7EBFE6A9A737D0C1D125F830 /* [CP] Check Pods Manifest.lock */ = {
			isa = PBXShellScriptBuildPhase;
			buildActionMask = 2147483647;
			files = (
			);
			inputPaths = (
				"${PODS_PODFILE_DIR_PATH}/Podfile.lock",
				"${PODS_ROOT}/Manifest.lock",
			);
			name = "[CP] Check Pods Manifest.lock";
			outputPaths = (
				"$(DERIVED_FILE_DIR)/Pods-TPZoo-checkManifestLockResult.txt",
			);
			runOnlyForDeploymentPostprocessing = 0;
			shellPath = /bin/sh;
			shellScript = "diff \"${PODS_PODFILE_DIR_PATH}/Podfile.lock\" \"${PODS_ROOT}/Manifest.lock\" > /dev/null\nif [ $? != 0 ] ; then\n    # print error to STDERR\n    echo \"error: The sandbox is not in sync with the Podfile.lock. Run 'pod install' or update your CocoaPods installation.\" >&2\n    exit 1\nfi\n# This output is used by Xcode 'outputs' to avoid re-running this script phase.\necho \"SUCCESS\" > \"${SCRIPT_OUTPUT_FILE_0}\"\n";
			showEnvVarsInLog = 0;
		};
		BB9D6FEF78CEBAB838EFE02D /* [CP] Embed Pods Frameworks */ = {
			isa = PBXShellScriptBuildPhase;
			buildActionMask = 2147483647;
			files = (
			);
			inputPaths = (
				"${SRCROOT}/Pods/Target Support Files/Pods-TPZooTests/Pods-TPZooTests-frameworks.sh",
				"${BUILT_PRODUCTS_DIR}/Alamofire/Alamofire.framework",
			);
			name = "[CP] Embed Pods Frameworks";
			outputPaths = (
				"${TARGET_BUILD_DIR}/${FRAMEWORKS_FOLDER_PATH}/Alamofire.framework",
			);
			runOnlyForDeploymentPostprocessing = 0;
			shellPath = /bin/sh;
			shellScript = "\"${SRCROOT}/Pods/Target Support Files/Pods-TPZooTests/Pods-TPZooTests-frameworks.sh\"\n";
			showEnvVarsInLog = 0;
		};
		BD0EB9BC2F2482E589FF305D /* [CP] Embed Pods Frameworks */ = {
			isa = PBXShellScriptBuildPhase;
			buildActionMask = 2147483647;
			files = (
			);
			inputPaths = (
				"${SRCROOT}/Pods/Target Support Files/Pods-TPZoo/Pods-TPZoo-frameworks.sh",
				"${BUILT_PRODUCTS_DIR}/Alamofire/Alamofire.framework",
				"${BUILT_PRODUCTS_DIR}/PKHUD/PKHUD.framework",
				"${BUILT_PRODUCTS_DIR}/SDWebImage/SDWebImage.framework",
			);
			name = "[CP] Embed Pods Frameworks";
			outputPaths = (
				"${TARGET_BUILD_DIR}/${FRAMEWORKS_FOLDER_PATH}/Alamofire.framework",
				"${TARGET_BUILD_DIR}/${FRAMEWORKS_FOLDER_PATH}/PKHUD.framework",
				"${TARGET_BUILD_DIR}/${FRAMEWORKS_FOLDER_PATH}/SDWebImage.framework",
			);
			runOnlyForDeploymentPostprocessing = 0;
			shellPath = /bin/sh;
			shellScript = "\"${SRCROOT}/Pods/Target Support Files/Pods-TPZoo/Pods-TPZoo-frameworks.sh\"\n";
			showEnvVarsInLog = 0;
		};
/* End PBXShellScriptBuildPhase section */

/* Begin PBXSourcesBuildPhase section */
		65B725EF2105BEBC0088DDCB /* Sources */ = {
			isa = PBXSourcesBuildPhase;
			buildActionMask = 2147483647;
			files = (
				6553FFF5211BD158002BFAB8 /* SysConfiguration.swift in Sources */,
				65B7263A2106FA170088DDCB /* AnimalsJsonDataModel.swift in Sources */,
				65B726362106F9270088DDCB /* Global.swift in Sources */,
				6553FFF3211BCF29002BFAB8 /* WindowExtension.swift in Sources */,
				65B726422108012E0088DDCB /* DataManager.swift in Sources */,
				65B725FF2105BEBC0088DDCB /* TPZoo.xcdatamodeld in Sources */,
				65B725F72105BEBC0088DDCB /* AppDelegate.swift in Sources */,
				652C2BCC211AF90800D85E33 /* ImageDownloadManager.swift in Sources */,
				65B7262B2106DE8F0088DDCB /* MainViewController.swift in Sources */,
				654FCA8F210EC79600BA81A3 /* StringExtension.swift in Sources */,
			);
			runOnlyForDeploymentPostprocessing = 0;
		};
		65B726062105BEBD0088DDCB /* Sources */ = {
			isa = PBXSourcesBuildPhase;
			buildActionMask = 2147483647;
			files = (
				65B726372106F9270088DDCB /* Global.swift in Sources */,
				65B7263B2106FA170088DDCB /* AnimalsJsonDataModel.swift in Sources */,
				65B7260F2105BEBD0088DDCB /* TPZooTests.swift in Sources */,
			);
			runOnlyForDeploymentPostprocessing = 0;
		};
		65B726112105BEBD0088DDCB /* Sources */ = {
			isa = PBXSourcesBuildPhase;
			buildActionMask = 2147483647;
			files = (
				65B726382106F9270088DDCB /* Global.swift in Sources */,
				65B7263C2106FA170088DDCB /* AnimalsJsonDataModel.swift in Sources */,
				65B7261A2105BEBD0088DDCB /* TPZooUITests.swift in Sources */,
			);
			runOnlyForDeploymentPostprocessing = 0;
		};
/* End PBXSourcesBuildPhase section */

/* Begin PBXTargetDependency section */
		65B7260C2105BEBD0088DDCB /* PBXTargetDependency */ = {
			isa = PBXTargetDependency;
			target = 65B725F22105BEBC0088DDCB /* TPZoo */;
			targetProxy = 65B7260B2105BEBD0088DDCB /* PBXContainerItemProxy */;
		};
		65B726172105BEBD0088DDCB /* PBXTargetDependency */ = {
			isa = PBXTargetDependency;
			target = 65B725F22105BEBC0088DDCB /* TPZoo */;
			targetProxy = 65B726162105BEBD0088DDCB /* PBXContainerItemProxy */;
		};
/* End PBXTargetDependency section */

/* Begin PBXVariantGroup section */
		65B725FA2105BEBC0088DDCB /* Main.storyboard */ = {
			isa = PBXVariantGroup;
			children = (
				65B725FB2105BEBC0088DDCB /* Base */,
			);
			name = Main.storyboard;
			sourceTree = "<group>";
		};
		65B726022105BEBD0088DDCB /* LaunchScreen.storyboard */ = {
			isa = PBXVariantGroup;
			children = (
				65B726032105BEBD0088DDCB /* Base */,
			);
			name = LaunchScreen.storyboard;
			sourceTree = "<group>";
		};
/* End PBXVariantGroup section */

/* Begin XCBuildConfiguration section */
		65B7261C2105BEBD0088DDCB /* Debug */ = {
			isa = XCBuildConfiguration;
			buildSettings = {
				ALWAYS_SEARCH_USER_PATHS = NO;
				CLANG_ANALYZER_NONNULL = YES;
				CLANG_ANALYZER_NUMBER_OBJECT_CONVERSION = YES_AGGRESSIVE;
				CLANG_CXX_LANGUAGE_STANDARD = "gnu++14";
				CLANG_CXX_LIBRARY = "libc++";
				CLANG_ENABLE_MODULES = YES;
				CLANG_ENABLE_OBJC_ARC = YES;
				CLANG_ENABLE_OBJC_WEAK = YES;
				CLANG_WARN_BLOCK_CAPTURE_AUTORELEASING = YES;
				CLANG_WARN_BOOL_CONVERSION = YES;
				CLANG_WARN_COMMA = YES;
				CLANG_WARN_CONSTANT_CONVERSION = YES;
				CLANG_WARN_DEPRECATED_OBJC_IMPLEMENTATIONS = YES;
				CLANG_WARN_DIRECT_OBJC_ISA_USAGE = YES_ERROR;
				CLANG_WARN_DOCUMENTATION_COMMENTS = YES;
				CLANG_WARN_EMPTY_BODY = YES;
				CLANG_WARN_ENUM_CONVERSION = YES;
				CLANG_WARN_INFINITE_RECURSION = YES;
				CLANG_WARN_INT_CONVERSION = YES;
				CLANG_WARN_NON_LITERAL_NULL_CONVERSION = YES;
				CLANG_WARN_OBJC_IMPLICIT_RETAIN_SELF = YES;
				CLANG_WARN_OBJC_LITERAL_CONVERSION = YES;
				CLANG_WARN_OBJC_ROOT_CLASS = YES_ERROR;
				CLANG_WARN_RANGE_LOOP_ANALYSIS = YES;
				CLANG_WARN_STRICT_PROTOTYPES = YES;
				CLANG_WARN_SUSPICIOUS_MOVE = YES;
				CLANG_WARN_UNGUARDED_AVAILABILITY = YES_AGGRESSIVE;
				CLANG_WARN_UNREACHABLE_CODE = YES;
				CLANG_WARN__DUPLICATE_METHOD_MATCH = YES;
				CODE_SIGN_IDENTITY = "iPhone Developer";
				COPY_PHASE_STRIP = NO;
				DEBUG_INFORMATION_FORMAT = dwarf;
				ENABLE_STRICT_OBJC_MSGSEND = YES;
				ENABLE_TESTABILITY = YES;
				GCC_C_LANGUAGE_STANDARD = gnu11;
				GCC_DYNAMIC_NO_PIC = NO;
				GCC_NO_COMMON_BLOCKS = YES;
				GCC_OPTIMIZATION_LEVEL = 0;
				GCC_PREPROCESSOR_DEFINITIONS = (
					"DEBUG=1",
					"$(inherited)",
				);
				GCC_WARN_64_TO_32_BIT_CONVERSION = YES;
				GCC_WARN_ABOUT_RETURN_TYPE = YES_ERROR;
				GCC_WARN_UNDECLARED_SELECTOR = YES;
				GCC_WARN_UNINITIALIZED_AUTOS = YES_AGGRESSIVE;
				GCC_WARN_UNUSED_FUNCTION = YES;
				GCC_WARN_UNUSED_VARIABLE = YES;
				IPHONEOS_DEPLOYMENT_TARGET = 11.4;
				MTL_ENABLE_DEBUG_INFO = YES;
				ONLY_ACTIVE_ARCH = YES;
				SDKROOT = iphoneos;
				SWIFT_ACTIVE_COMPILATION_CONDITIONS = DEBUG;
				SWIFT_OPTIMIZATION_LEVEL = "-Onone";
			};
			name = Debug;
		};
		65B7261D2105BEBD0088DDCB /* Release */ = {
			isa = XCBuildConfiguration;
			buildSettings = {
				ALWAYS_SEARCH_USER_PATHS = NO;
				CLANG_ANALYZER_NONNULL = YES;
				CLANG_ANALYZER_NUMBER_OBJECT_CONVERSION = YES_AGGRESSIVE;
				CLANG_CXX_LANGUAGE_STANDARD = "gnu++14";
				CLANG_CXX_LIBRARY = "libc++";
				CLANG_ENABLE_MODULES = YES;
				CLANG_ENABLE_OBJC_ARC = YES;
				CLANG_ENABLE_OBJC_WEAK = YES;
				CLANG_WARN_BLOCK_CAPTURE_AUTORELEASING = YES;
				CLANG_WARN_BOOL_CONVERSION = YES;
				CLANG_WARN_COMMA = YES;
				CLANG_WARN_CONSTANT_CONVERSION = YES;
				CLANG_WARN_DEPRECATED_OBJC_IMPLEMENTATIONS = YES;
				CLANG_WARN_DIRECT_OBJC_ISA_USAGE = YES_ERROR;
				CLANG_WARN_DOCUMENTATION_COMMENTS = YES;
				CLANG_WARN_EMPTY_BODY = YES;
				CLANG_WARN_ENUM_CONVERSION = YES;
				CLANG_WARN_INFINITE_RECURSION = YES;
				CLANG_WARN_INT_CONVERSION = YES;
				CLANG_WARN_NON_LITERAL_NULL_CONVERSION = YES;
				CLANG_WARN_OBJC_IMPLICIT_RETAIN_SELF = YES;
				CLANG_WARN_OBJC_LITERAL_CONVERSION = YES;
				CLANG_WARN_OBJC_ROOT_CLASS = YES_ERROR;
				CLANG_WARN_RANGE_LOOP_ANALYSIS = YES;
				CLANG_WARN_STRICT_PROTOTYPES = YES;
				CLANG_WARN_SUSPICIOUS_MOVE = YES;
				CLANG_WARN_UNGUARDED_AVAILABILITY = YES_AGGRESSIVE;
				CLANG_WARN_UNREACHABLE_CODE = YES;
				CLANG_WARN__DUPLICATE_METHOD_MATCH = YES;
				CODE_SIGN_IDENTITY = "iPhone Developer";
				COPY_PHASE_STRIP = NO;
				DEBUG_INFORMATION_FORMAT = "dwarf-with-dsym";
				ENABLE_NS_ASSERTIONS = NO;
				ENABLE_STRICT_OBJC_MSGSEND = YES;
				GCC_C_LANGUAGE_STANDARD = gnu11;
				GCC_NO_COMMON_BLOCKS = YES;
				GCC_WARN_64_TO_32_BIT_CONVERSION = YES;
				GCC_WARN_ABOUT_RETURN_TYPE = YES_ERROR;
				GCC_WARN_UNDECLARED_SELECTOR = YES;
				GCC_WARN_UNINITIALIZED_AUTOS = YES_AGGRESSIVE;
				GCC_WARN_UNUSED_FUNCTION = YES;
				GCC_WARN_UNUSED_VARIABLE = YES;
				IPHONEOS_DEPLOYMENT_TARGET = 11.4;
				MTL_ENABLE_DEBUG_INFO = NO;
				SDKROOT = iphoneos;
				SWIFT_COMPILATION_MODE = wholemodule;
				SWIFT_OPTIMIZATION_LEVEL = "-O";
				VALIDATE_PRODUCT = YES;
			};
			name = Release;
		};
		65B7261F2105BEBD0088DDCB /* Debug */ = {
			isa = XCBuildConfiguration;
			baseConfigurationReference = 49FC06D1D9E16A9E3258623E /* Pods-TPZoo.debug.xcconfig */;
			buildSettings = {
				ASSETCATALOG_COMPILER_APPICON_NAME = AppIcon;
				CODE_SIGN_STYLE = Automatic;
				DEVELOPMENT_TEAM = 7L56KQ3ZU2;
				INFOPLIST_FILE = TPZoo/Info.plist;
				IPHONEOS_DEPLOYMENT_TARGET = 11.0;
				LD_RUNPATH_SEARCH_PATHS = (
					"$(inherited)",
					"@executable_path/Frameworks",
				);
				PRODUCT_BUNDLE_IDENTIFIER = HSI.TPZoo;
				PRODUCT_NAME = "$(TARGET_NAME)";
				SWIFT_VERSION = 4.0;
				TARGETED_DEVICE_FAMILY = "1,2";
			};
			name = Debug;
		};
		65B726202105BEBD0088DDCB /* Release */ = {
			isa = XCBuildConfiguration;
			baseConfigurationReference = 76FDF06FBDA874A8FB84B5C1 /* Pods-TPZoo.release.xcconfig */;
			buildSettings = {
				ASSETCATALOG_COMPILER_APPICON_NAME = AppIcon;
				CODE_SIGN_STYLE = Automatic;
				DEVELOPMENT_TEAM = 7L56KQ3ZU2;
				INFOPLIST_FILE = TPZoo/Info.plist;
				IPHONEOS_DEPLOYMENT_TARGET = 11.0;
				LD_RUNPATH_SEARCH_PATHS = (
					"$(inherited)",
					"@executable_path/Frameworks",
				);
				PRODUCT_BUNDLE_IDENTIFIER = HSI.TPZoo;
				PRODUCT_NAME = "$(TARGET_NAME)";
				SWIFT_VERSION = 4.0;
				TARGETED_DEVICE_FAMILY = "1,2";
			};
			name = Release;
		};
		65B726222105BEBD0088DDCB /* Debug */ = {
			isa = XCBuildConfiguration;
			baseConfigurationReference = B8ABFF9C9E49147385EB6020 /* Pods-TPZooTests.debug.xcconfig */;
			buildSettings = {
				ALWAYS_EMBED_SWIFT_STANDARD_LIBRARIES = YES;
				BUNDLE_LOADER = "$(TEST_HOST)";
				CODE_SIGN_STYLE = Automatic;
				DEVELOPMENT_TEAM = 7L56KQ3ZU2;
				INFOPLIST_FILE = TPZooTests/Info.plist;
				LD_RUNPATH_SEARCH_PATHS = (
					"$(inherited)",
					"@executable_path/Frameworks",
					"@loader_path/Frameworks",
				);
				PRODUCT_BUNDLE_IDENTIFIER = HSI.TPZooTests;
				PRODUCT_NAME = "$(TARGET_NAME)";
				SWIFT_VERSION = 4.0;
				TARGETED_DEVICE_FAMILY = "1,2";
				TEST_HOST = "$(BUILT_PRODUCTS_DIR)/TPZoo.app/TPZoo";
			};
			name = Debug;
		};
		65B726232105BEBD0088DDCB /* Release */ = {
			isa = XCBuildConfiguration;
			baseConfigurationReference = 276EA0ED17F741293E90DEEF /* Pods-TPZooTests.release.xcconfig */;
			buildSettings = {
				ALWAYS_EMBED_SWIFT_STANDARD_LIBRARIES = YES;
				BUNDLE_LOADER = "$(TEST_HOST)";
				CODE_SIGN_STYLE = Automatic;
				DEVELOPMENT_TEAM = 7L56KQ3ZU2;
				INFOPLIST_FILE = TPZooTests/Info.plist;
				LD_RUNPATH_SEARCH_PATHS = (
					"$(inherited)",
					"@executable_path/Frameworks",
					"@loader_path/Frameworks",
				);
				PRODUCT_BUNDLE_IDENTIFIER = HSI.TPZooTests;
				PRODUCT_NAME = "$(TARGET_NAME)";
				SWIFT_VERSION = 4.0;
				TARGETED_DEVICE_FAMILY = "1,2";
				TEST_HOST = "$(BUILT_PRODUCTS_DIR)/TPZoo.app/TPZoo";
			};
			name = Release;
		};
		65B726252105BEBD0088DDCB /* Debug */ = {
			isa = XCBuildConfiguration;
			baseConfigurationReference = E880777FD646D6E119A3564E /* Pods-TPZooUITests.debug.xcconfig */;
			buildSettings = {
				ALWAYS_EMBED_SWIFT_STANDARD_LIBRARIES = YES;
				CODE_SIGN_STYLE = Automatic;
				DEVELOPMENT_TEAM = 7L56KQ3ZU2;
				INFOPLIST_FILE = TPZooUITests/Info.plist;
				LD_RUNPATH_SEARCH_PATHS = (
					"$(inherited)",
					"@executable_path/Frameworks",
					"@loader_path/Frameworks",
				);
				PRODUCT_BUNDLE_IDENTIFIER = HSI.TPZooUITests;
				PRODUCT_NAME = "$(TARGET_NAME)";
				SWIFT_VERSION = 4.0;
				TARGETED_DEVICE_FAMILY = "1,2";
				TEST_TARGET_NAME = TPZoo;
			};
			name = Debug;
		};
		65B726262105BEBD0088DDCB /* Release */ = {
			isa = XCBuildConfiguration;
			baseConfigurationReference = CD22843690F7CF10DCC5F78B /* Pods-TPZooUITests.release.xcconfig */;
			buildSettings = {
				ALWAYS_EMBED_SWIFT_STANDARD_LIBRARIES = YES;
				CODE_SIGN_STYLE = Automatic;
				DEVELOPMENT_TEAM = 7L56KQ3ZU2;
				INFOPLIST_FILE = TPZooUITests/Info.plist;
				LD_RUNPATH_SEARCH_PATHS = (
					"$(inherited)",
					"@executable_path/Frameworks",
					"@loader_path/Frameworks",
				);
				PRODUCT_BUNDLE_IDENTIFIER = HSI.TPZooUITests;
				PRODUCT_NAME = "$(TARGET_NAME)";
				SWIFT_VERSION = 4.0;
				TARGETED_DEVICE_FAMILY = "1,2";
				TEST_TARGET_NAME = TPZoo;
			};
			name = Release;
		};
/* End XCBuildConfiguration section */

/* Begin XCConfigurationList section */
		65B725EE2105BEBB0088DDCB /* Build configuration list for PBXProject "TPZoo" */ = {
			isa = XCConfigurationList;
			buildConfigurations = (
				65B7261C2105BEBD0088DDCB /* Debug */,
				65B7261D2105BEBD0088DDCB /* Release */,
			);
			defaultConfigurationIsVisible = 0;
			defaultConfigurationName = Release;
		};
		65B7261E2105BEBD0088DDCB /* Build configuration list for PBXNativeTarget "TPZoo" */ = {
			isa = XCConfigurationList;
			buildConfigurations = (
				65B7261F2105BEBD0088DDCB /* Debug */,
				65B726202105BEBD0088DDCB /* Release */,
			);
			defaultConfigurationIsVisible = 0;
			defaultConfigurationName = Release;
		};
		65B726212105BEBD0088DDCB /* Build configuration list for PBXNativeTarget "TPZooTests" */ = {
			isa = XCConfigurationList;
			buildConfigurations = (
				65B726222105BEBD0088DDCB /* Debug */,
				65B726232105BEBD0088DDCB /* Release */,
			);
			defaultConfigurationIsVisible = 0;
			defaultConfigurationName = Release;
		};
		65B726242105BEBD0088DDCB /* Build configuration list for PBXNativeTarget "TPZooUITests" */ = {
			isa = XCConfigurationList;
			buildConfigurations = (
				65B726252105BEBD0088DDCB /* Debug */,
				65B726262105BEBD0088DDCB /* Release */,
			);
			defaultConfigurationIsVisible = 0;
			defaultConfigurationName = Release;
		};
/* End XCConfigurationList section */

/* Begin XCVersionGroup section */
		65B725FD2105BEBC0088DDCB /* TPZoo.xcdatamodeld */ = {
			isa = XCVersionGroup;
			children = (
				65B725FE2105BEBC0088DDCB /* TPZoo.xcdatamodel */,
			);
			currentVersion = 65B725FE2105BEBC0088DDCB /* TPZoo.xcdatamodel */;
			path = TPZoo.xcdatamodeld;
			sourceTree = "<group>";
			versionGroupType = wrapper.xcdatamodel;
		};
/* End XCVersionGroup section */
	};
	rootObject = 65B725EB2105BEBB0088DDCB /* Project object */;
}
